
Microsoft Visual Studio Solution File, Format Version 12.00
# Visual Studio Version 17
VisualStudioVersion = 17.0.31912.275
MinimumVisualStudioVersion = 10.0.40219.1
Project("{FAE04EC0-301F-11D3-BF4B-00C04F79EFBC}") = "api.personas", "api.personas\api.personas.csproj", "{2DA43E05-E703-42AE-BA8D-3E612324BC75}"
EndProject
Project("{FAE04EC0-301F-11D3-BF4B-00C04F79EFBC}") = "Services", "Services\Services.csproj", "{54CDAFFB-927B-49C5-A63C-E00A6DF27C7D}"
EndProject
Project("{FAE04EC0-301F-11D3-BF4B-00C04F79EFBC}") = "Repository", "Repository\Repository.csproj", "{B9906CFA-F5DE-4132-ACCF-DBBA64A50916}"
EndProject
Global
	GlobalSection(SolutionConfigurationPlatforms) = preSolution
		Debug|Any CPU = Debug|Any CPU
		Release|Any CPU = Release|Any CPU
	EndGlobalSection
	GlobalSection(ProjectConfigurationPlatforms) = postSolution
		{2DA43E05-E703-42AE-BA8D-3E612324BC75}.Debug|Any CPU.ActiveCfg = Debug|Any CPU
		{2DA43E05-E703-42AE-BA8D-3E612324BC75}.Debug|Any CPU.Build.0 = Debug|Any CPU
		{2DA43E05-E703-42AE-BA8D-3E612324BC75}.Release|Any CPU.ActiveCfg = Release|Any CPU
		{2DA43E05-E703-42AE-BA8D-3E612324BC75}.Release|Any CPU.Build.0 = Release|Any CPU
		{54CDAFFB-927B-49C5-A63C-E00A6DF27C7D}.Debug|Any CPU.ActiveCfg = Debug|Any CPU
		{54CDAFFB-927B-49C5-A63C-E00A6DF27C7D}.Debug|Any CPU.Build.0 = Debug|Any CPU
		{54CDAFFB-927B-49C5-A63C-E00A6DF27C7D}.Release|Any CPU.ActiveCfg = Release|Any CPU
		{54CDAFFB-927B-49C5-A63C-E00A6DF27C7D}.Release|Any CPU.Build.0 = Release|Any CPU
		{B9906CFA-F5DE-4132-ACCF-DBBA64A50916}.Debug|Any CPU.ActiveCfg = Debug|Any CPU
		{B9906CFA-F5DE-4132-ACCF-DBBA64A50916}.Debug|Any CPU.Build.0 = Debug|Any CPU
		{B9906CFA-F5DE-4132-ACCF-DBBA64A50916}.Release|Any CPU.ActiveCfg = Release|Any CPU
		{B9906CFA-F5DE-4132-ACCF-DBBA64A50916}.Release|Any CPU.Build.0 = Release|Any CPU
	EndGlobalSection
	GlobalSection(SolutionProperties) = preSolution
		HideSolutionNode = FALSE
	EndGlobalSection
	GlobalSection(ExtensibilityGlobals) = postSolution
		SolutionGuid = {0CB88A34-695A-4635-9141-23C8969AA2C8}
	EndGlobalSection
EndGlobal
